
Microsoft Visual Studio Solution File, Format Version 12.00
# Visual Studio Version 16
VisualStudioVersion = 16.0.31105.61
MinimumVisualStudioVersion = 10.0.40219.1
Project("{FAE04EC0-301F-11D3-BF4B-00C04F79EFBC}") = "ToyManagementSystem", "ToyManagementSystem\ToyManagementSystem.csproj", "{93244CD6-AC1E-4577-A591-061C2013EFE4}"
EndProject
Project("{FAE04EC0-301F-11D3-BF4B-00C04F79EFBC}") = "ToyManagementProjectMvc", "ToyManagementProjectMvc\ToyManagementProjectMvc.csproj", "{620CA428-79AF-436A-ACD2-26781169A8B6}"
EndProject
Global
	GlobalSection(SolutionConfigurationPlatforms) = preSolution
		Debug|Any CPU = Debug|Any CPU
		Release|Any CPU = Release|Any CPU
	EndGlobalSection
	GlobalSection(ProjectConfigurationPlatforms) = postSolution
		{93244CD6-AC1E-4577-A591-061C2013EFE4}.Debug|Any CPU.ActiveCfg = Debug|Any CPU
		{93244CD6-AC1E-4577-A591-061C2013EFE4}.Debug|Any CPU.Build.0 = Debug|Any CPU
		{93244CD6-AC1E-4577-A591-061C2013EFE4}.Release|Any CPU.ActiveCfg = Release|Any CPU
		{93244CD6-AC1E-4577-A591-061C2013EFE4}.Release|Any CPU.Build.0 = Release|Any CPU
		{620CA428-79AF-436A-ACD2-26781169A8B6}.Debug|Any CPU.ActiveCfg = Debug|Any CPU
		{620CA428-79AF-436A-ACD2-26781169A8B6}.Debug|Any CPU.Build.0 = Debug|Any CPU
		{620CA428-79AF-436A-ACD2-26781169A8B6}.Release|Any CPU.ActiveCfg = Release|Any CPU
		{620CA428-79AF-436A-ACD2-26781169A8B6}.Release|Any CPU.Build.0 = Release|Any CPU
	EndGlobalSection
	GlobalSection(SolutionProperties) = preSolution
		HideSolutionNode = FALSE
	EndGlobalSection
	GlobalSection(ExtensibilityGlobals) = postSolution
		SolutionGuid = {BA272187-819C-4828-B6C8-284C27ADC615}
	EndGlobalSection
EndGlobal
